
Microsoft Visual Studio Solution File, Format Version 12.00
# Visual Studio Version 16
VisualStudioVersion = 16.0.31911.196
MinimumVisualStudioVersion = 10.0.40219.1
Project("{FAE04EC0-301F-11D3-BF4B-00C04F79EFBC}") = "UNOConsole", "UNOConsole\UNOConsole.csproj", "{D0CFD220-DA60-42BD-B984-88C116318C98}"
EndProject
Global
	GlobalSection(SolutionConfigurationPlatforms) = preSolution
		Debug|Any CPU = Debug|Any CPU
		Release|Any CPU = Release|Any CPU
	EndGlobalSection
	GlobalSection(ProjectConfigurationPlatforms) = postSolution
		{D0CFD220-DA60-42BD-B984-88C116318C98}.Debug|Any CPU.ActiveCfg = Debug|Any CPU
		{D0CFD220-DA60-42BD-B984-88C116318C98}.Debug|Any CPU.Build.0 = Debug|Any CPU
		{D0CFD220-DA60-42BD-B984-88C116318C98}.Release|Any CPU.ActiveCfg = Release|Any CPU
		{D0CFD220-DA60-42BD-B984-88C116318C98}.Release|Any CPU.Build.0 = Release|Any CPU
	EndGlobalSection
	GlobalSection(SolutionProperties) = preSolution
		HideSolutionNode = FALSE
	EndGlobalSection
	GlobalSection(ExtensibilityGlobals) = postSolution
		SolutionGuid = {F8F52D8C-F498-4583-B8FD-8B96C1F79086}
	EndGlobalSection
EndGlobal
